
Microsoft Visual Studio Solution File, Format Version 12.00
# Visual Studio 2015
Project("{FAE04EC0-301F-11D3-BF4B-00C04F79EFBC}") = "SimCityGP-master(old)", "SimCityGP-master(old).csproj", "{4564C83A-C20C-8827-490E-C4595568CBDB}"
EndProject
Global
	GlobalSection(SolutionConfigurationPlatforms) = preSolution
		Debug|Any CPU = Debug|Any CPU
		Release|Any CPU = Release|Any CPU
	EndGlobalSection
	GlobalSection(ProjectConfigurationPlatforms) = postSolution
		{4564C83A-C20C-8827-490E-C4595568CBDB}.Debug|Any CPU.ActiveCfg = Debug|Any CPU
		{4564C83A-C20C-8827-490E-C4595568CBDB}.Debug|Any CPU.Build.0 = Debug|Any CPU
		{4564C83A-C20C-8827-490E-C4595568CBDB}.Release|Any CPU.ActiveCfg = Release|Any CPU
		{4564C83A-C20C-8827-490E-C4595568CBDB}.Release|Any CPU.Build.0 = Release|Any CPU
	EndGlobalSection
	GlobalSection(SolutionProperties) = preSolution
		HideSolutionNode = FALSE
	EndGlobalSection
EndGlobal
