
Microsoft Visual Studio Solution File, Format Version 12.00
# Visual Studio 2015
Project("{FAE04EC0-301F-11D3-BF4B-00C04F79EFBC}") = "SimCityGP.CSharp", "SimCityGP.CSharp.csproj", "{93E4EF6A-72D4-C22F-AEB5-28CC096AD7A3}"
EndProject
Global
	GlobalSection(SolutionConfigurationPlatforms) = preSolution
		Debug|Any CPU = Debug|Any CPU
		Release|Any CPU = Release|Any CPU
	EndGlobalSection
	GlobalSection(ProjectConfigurationPlatforms) = postSolution
		{93E4EF6A-72D4-C22F-AEB5-28CC096AD7A3}.Debug|Any CPU.ActiveCfg = Debug|Any CPU
		{93E4EF6A-72D4-C22F-AEB5-28CC096AD7A3}.Debug|Any CPU.Build.0 = Debug|Any CPU
		{93E4EF6A-72D4-C22F-AEB5-28CC096AD7A3}.Release|Any CPU.ActiveCfg = Release|Any CPU
		{93E4EF6A-72D4-C22F-AEB5-28CC096AD7A3}.Release|Any CPU.Build.0 = Release|Any CPU
	EndGlobalSection
	GlobalSection(SolutionProperties) = preSolution
		HideSolutionNode = FALSE
	EndGlobalSection
EndGlobal
